
Microsoft Visual Studio Solution File, Format Version 12.00
# Visual Studio Version 17
VisualStudioVersion = 17.2.32526.322
MinimumVisualStudioVersion = 10.0.40219.1
Project("{FAE04EC0-301F-11D3-BF4B-00C04F79EFBC}") = "MVC-1stLecture", "MVC-1stLecture\MVC-1stLecture.csproj", "{F1B9A833-1338-4806-8BD0-109F89F94DF6}"
EndProject
Global
	GlobalSection(SolutionConfigurationPlatforms) = preSolution
		Debug|Any CPU = Debug|Any CPU
		Release|Any CPU = Release|Any CPU
	EndGlobalSection
	GlobalSection(ProjectConfigurationPlatforms) = postSolution
		{F1B9A833-1338-4806-8BD0-109F89F94DF6}.Debug|Any CPU.ActiveCfg = Debug|Any CPU
		{F1B9A833-1338-4806-8BD0-109F89F94DF6}.Debug|Any CPU.Build.0 = Debug|Any CPU
		{F1B9A833-1338-4806-8BD0-109F89F94DF6}.Release|Any CPU.ActiveCfg = Release|Any CPU
		{F1B9A833-1338-4806-8BD0-109F89F94DF6}.Release|Any CPU.Build.0 = Release|Any CPU
	EndGlobalSection
	GlobalSection(SolutionProperties) = preSolution
		HideSolutionNode = FALSE
	EndGlobalSection
	GlobalSection(ExtensibilityGlobals) = postSolution
		SolutionGuid = {C74332FD-E3C4-4CFC-A709-CBE283D9E73E}
	EndGlobalSection
EndGlobal
